{
  "name": "NotifyKeepClient",
  "lockfileVersion": 2,
  "requires": true,
  "packages": {
    "": {
      "dependencies": {
        "check-disk-space": "^3.3.1"
      }
    },
    "node_modules/check-disk-space": {
      "version": "3.3.1",
      "resolved": "https://registry.npmjs.org/check-disk-space/-/check-disk-space-3.3.1.tgz",
      "integrity": "sha512-iOrT8yCZjSnyNZ43476FE2rnssvgw5hnuwOM0hm8Nj1qa0v4ieUUEbCyxxsEliaoDUb/75yCOL71zkDiDBLbMQ==",
      "engines": {
        "node": ">=12"
      }
    }
  },
  "dependencies": {
    "check-disk-space": {
      "version": "3.3.1",
      "resolved": "https://registry.npmjs.org/check-disk-space/-/check-disk-space-3.3.1.tgz",
      "integrity": "sha512-iOrT8yCZjSnyNZ43476FE2rnssvgw5hnuwOM0hm8Nj1qa0v4ieUUEbCyxxsEliaoDUb/75yCOL71zkDiDBLbMQ=="
    }
  }
}
