{
  "name": "NotifyKeepClient",
  "lockfileVersion": 2,
  "requires": true,
  "packages": {
    "": {
      "name": "NotifyKeepClient",
      "version": "1.0.0",
      "license": "ISC",
      "dependencies": {
        "check-disk-space": "^3.3.1",
        "ws": "^8.8.1"
      }
    },
    "node_modules/check-disk-space": {
      "version": "3.3.1",
      "resolved": "https://registry.npmjs.org/check-disk-space/-/check-disk-space-3.3.1.tgz",
      "integrity": "sha512-iOrT8yCZjSnyNZ43476FE2rnssvgw5hnuwOM0hm8Nj1qa0v4ieUUEbCyxxsEliaoDUb/75yCOL71zkDiDBLbMQ==",
      "engines": {
        "node": ">=12"
      }
    },
    "node_modules/ws": {
      "version": "8.8.1",
      "resolved": "https://registry.npmjs.org/ws/-/ws-8.8.1.tgz",
      "integrity": "sha512-bGy2JzvzkPowEJV++hF07hAD6niYSr0JzBNo/J29WsB57A2r7Wlc1UFcTR9IzrPvuNVO4B8LGqF8qcpsVOhJCA==",
      "engines": {
        "node": ">=10.0.0"
      },
      "peerDependencies": {
        "bufferutil": "^4.0.1",
        "utf-8-validate": "^5.0.2"
      },
      "peerDependenciesMeta": {
        "bufferutil": {
          "optional": true
        },
        "utf-8-validate": {
          "optional": true
        }
      }
    }
  },
  "dependencies": {
    "check-disk-space": {
      "version": "3.3.1",
      "resolved": "https://registry.npmjs.org/check-disk-space/-/check-disk-space-3.3.1.tgz",
      "integrity": "sha512-iOrT8yCZjSnyNZ43476FE2rnssvgw5hnuwOM0hm8Nj1qa0v4ieUUEbCyxxsEliaoDUb/75yCOL71zkDiDBLbMQ=="
    },
    "ws": {
      "version": "8.8.1",
      "resolved": "https://registry.npmjs.org/ws/-/ws-8.8.1.tgz",
      "integrity": "sha512-bGy2JzvzkPowEJV++hF07hAD6niYSr0JzBNo/J29WsB57A2r7Wlc1UFcTR9IzrPvuNVO4B8LGqF8qcpsVOhJCA==",
      "requires": {}
    }
  }
}
